// !$*UTF8*$!
{
	archiveVersion = 1;
	classes = {
	};
	objectVersion = 55;
	objects = {

/* Begin PBXBuildFile section */
		FFA6EE5528E16E16009708CA /* movie_library_iosApp.swift in Sources */ = {isa = PBXBuildFile; fileRef = FFA6EE5428E16E16009708CA /* movie_library_iosApp.swift */; };
		FFA6EE5728E16E16009708CA /* ContentView.swift in Sources */ = {isa = PBXBuildFile; fileRef = FFA6EE5628E16E16009708CA /* ContentView.swift */; };
		FFA6EE5928E16E1B009708CA /* Assets.xcassets in Resources */ = {isa = PBXBuildFile; fileRef = FFA6EE5828E16E1B009708CA /* Assets.xcassets */; };
		FFA6EE5C28E16E1B009708CA /* Preview Assets.xcassets in Resources */ = {isa = PBXBuildFile; fileRef = FFA6EE5B28E16E1B009708CA /* Preview Assets.xcassets */; };
		FFA6EE5E28E16E1B009708CA /* Persistence.swift in Sources */ = {isa = PBXBuildFile; fileRef = FFA6EE5D28E16E1B009708CA /* Persistence.swift */; };
		FFA6EE6128E16E1B009708CA /* movie_library_ios.xcdatamodeld in Sources */ = {isa = PBXBuildFile; fileRef = FFA6EE5F28E16E1B009708CA /* movie_library_ios.xcdatamodeld */; };
		FFA6EE6B28E16E1B009708CA /* movie_library_iosTests.swift in Sources */ = {isa = PBXBuildFile; fileRef = FFA6EE6A28E16E1B009708CA /* movie_library_iosTests.swift */; };
		FFA6EE7528E16E1B009708CA /* movie_library_iosUITests.swift in Sources */ = {isa = PBXBuildFile; fileRef = FFA6EE7428E16E1B009708CA /* movie_library_iosUITests.swift */; };
		FFA6EE7728E16E1B009708CA /* movie_library_iosUITestsLaunchTests.swift in Sources */ = {isa = PBXBuildFile; fileRef = FFA6EE7628E16E1B009708CA /* movie_library_iosUITestsLaunchTests.swift */; };
		FFA6EE8F28E17173009708CA /* Injection.swift in Sources */ = {isa = PBXBuildFile; fileRef = FFA6EE8E28E17173009708CA /* Injection.swift */; };
		FFA6EE9828E17E5D009708CA /* Alamofire in Frameworks */ = {isa = PBXBuildFile; productRef = FFA6EE9728E17E5D009708CA /* Alamofire */; };
		FFA6EE9B28E17EEE009708CA /* SDWebImage in Frameworks */ = {isa = PBXBuildFile; productRef = FFA6EE9A28E17EEE009708CA /* SDWebImage */; };
		FFA6EE9E28E180A3009708CA /* Realm in Frameworks */ = {isa = PBXBuildFile; productRef = FFA6EE9D28E180A3009708CA /* Realm */; };
		FFA6EEA028E180A3009708CA /* RealmSwift in Frameworks */ = {isa = PBXBuildFile; productRef = FFA6EE9F28E180A3009708CA /* RealmSwift */; };
		FFA6EEA228E18369009708CA /* RemoteDataSource.swift in Sources */ = {isa = PBXBuildFile; fileRef = FFA6EEA128E18369009708CA /* RemoteDataSource.swift */; };
		FFA6EEA328E18457009708CA /* Movie.swift in Sources */ = {isa = PBXBuildFile; fileRef = FFA6EE9428E17CD6009708CA /* Movie.swift */; };
		FFA6EEA428E1861A009708CA /* MovieClient.swift in Sources */ = {isa = PBXBuildFile; fileRef = FFA6EE9528E17CEA009708CA /* MovieClient.swift */; };
		FFA6EEAC28E19051009708CA /* HomePresenter.swift in Sources */ = {isa = PBXBuildFile; fileRef = FFA6EEAB28E19051009708CA /* HomePresenter.swift */; };
		FFA6EEB028E1B04D009708CA /* LocaleDataSource.swift in Sources */ = {isa = PBXBuildFile; fileRef = FFA6EEAF28E1B04D009708CA /* LocaleDataSource.swift */; };
		FFA6EEB228E1B322009708CA /* CustomError+Ext.swift in Sources */ = {isa = PBXBuildFile; fileRef = FFA6EEB128E1B2E1009708CA /* CustomError+Ext.swift */; };
		FFA6EEB428E1B642009708CA /* FavoriteMovie.swift in Sources */ = {isa = PBXBuildFile; fileRef = FFA6EEB328E1B642009708CA /* FavoriteMovie.swift */; };
		FFA6EEB828E1BCA8009708CA /* HomeInteractor.swift in Sources */ = {isa = PBXBuildFile; fileRef = FFA6EEB728E1BCA8009708CA /* HomeInteractor.swift */; };
		FFA6EEBA28E1BCBF009708CA /* MovieModel.swift in Sources */ = {isa = PBXBuildFile; fileRef = FFA6EEB928E1BCBF009708CA /* MovieModel.swift */; };
		FFA6EEBC28E1BE6E009708CA /* MovieRepository.swift in Sources */ = {isa = PBXBuildFile; fileRef = FFA6EEBB28E1BE6E009708CA /* MovieRepository.swift */; };
		FFA6EEBE28E1C2D4009708CA /* MovieMapper.swift in Sources */ = {isa = PBXBuildFile; fileRef = FFA6EEBD28E1C2D4009708CA /* MovieMapper.swift */; };
		FFA6EEC028E1CC62009708CA /* HomeRouter.swift in Sources */ = {isa = PBXBuildFile; fileRef = FFA6EEBF28E1CC62009708CA /* HomeRouter.swift */; };
		FFA6EEC228E1D432009708CA /* HomeView.swift in Sources */ = {isa = PBXBuildFile; fileRef = FFA6EEC128E1D432009708CA /* HomeView.swift */; };
		FFA6EECA28E1D4CE009708CA /* SearchBar.swift in Sources */ = {isa = PBXBuildFile; fileRef = FFA6EEC728E1D4C4009708CA /* SearchBar.swift */; };
		FFA6EECB28E1D4CE009708CA /* RoundedCorner.swift in Sources */ = {isa = PBXBuildFile; fileRef = FFA6EEC528E1D4C4009708CA /* RoundedCorner.swift */; };
		FFA6EECC28E1D4CE009708CA /* CustomIcon.swift in Sources */ = {isa = PBXBuildFile; fileRef = FFA6EEC828E1D4C4009708CA /* CustomIcon.swift */; };
		FFA6EECD28E1D4CE009708CA /* TabItem.swift in Sources */ = {isa = PBXBuildFile; fileRef = FFA6EEC328E1D4C4009708CA /* TabItem.swift */; };
		FFA6EECE28E1D4CE009708CA /* ActivityIndicator.swift in Sources */ = {isa = PBXBuildFile; fileRef = FFA6EEC928E1D4C4009708CA /* ActivityIndicator.swift */; };
		FFA6EECF28E1D4CE009708CA /* BlurView.swift in Sources */ = {isa = PBXBuildFile; fileRef = FFA6EEC628E1D4C4009708CA /* BlurView.swift */; };
		FFA6EED028E1D4CE009708CA /* CustomEmptyView.swift in Sources */ = {isa = PBXBuildFile; fileRef = FFA6EEC428E1D4C4009708CA /* CustomEmptyView.swift */; };
		FFB71B0D28FA5F7B0041EF7F /* SDWebImageSwiftUI in Frameworks */ = {isa = PBXBuildFile; productRef = FFB71B0C28FA5F7B0041EF7F /* SDWebImageSwiftUI */; };
		FFB71B1228FA8BFD0041EF7F /* DetailPresenter.swift in Sources */ = {isa = PBXBuildFile; fileRef = FFB71B1128FA8BFD0041EF7F /* DetailPresenter.swift */; };
		FFB71B1428FA8C0B0041EF7F /* DetailView.swift in Sources */ = {isa = PBXBuildFile; fileRef = FFB71B1328FA8C0B0041EF7F /* DetailView.swift */; };
		FFB71B1628FA8C170041EF7F /* DetailRouter.swift in Sources */ = {isa = PBXBuildFile; fileRef = FFB71B1528FA8C170041EF7F /* DetailRouter.swift */; };
		FFB71B1828FA918F0041EF7F /* DetailInteractor.swift in Sources */ = {isa = PBXBuildFile; fileRef = FFB71B1728FA918F0041EF7F /* DetailInteractor.swift */; };
		FFB71B1A28FB00C60041EF7F /* DetailMovieModel.swift in Sources */ = {isa = PBXBuildFile; fileRef = FFB71B1928FB00C60041EF7F /* DetailMovieModel.swift */; };
		FFB71B1C28FB02580041EF7F /* DetailMovieMapper.swift in Sources */ = {isa = PBXBuildFile; fileRef = FFB71B1B28FB02580041EF7F /* DetailMovieMapper.swift */; };
		FFEE0DA828F71B6E00ABAA83 /* NetworkLogger.swift in Sources */ = {isa = PBXBuildFile; fileRef = FFEE0DA728F71B6E00ABAA83 /* NetworkLogger.swift */; };
/* End PBXBuildFile section */

/* Begin PBXContainerItemProxy section */
		FFA6EE6728E16E1B009708CA /* PBXContainerItemProxy */ = {
			isa = PBXContainerItemProxy;
			containerPortal = FFA6EE4928E16E16009708CA /* Project object */;
			proxyType = 1;
			remoteGlobalIDString = FFA6EE5028E16E16009708CA;
			remoteInfo = "movie-library-ios";
		};
		FFA6EE7128E16E1B009708CA /* PBXContainerItemProxy */ = {
			isa = PBXContainerItemProxy;
			containerPortal = FFA6EE4928E16E16009708CA /* Project object */;
			proxyType = 1;
			remoteGlobalIDString = FFA6EE5028E16E16009708CA;
			remoteInfo = "movie-library-ios";
		};
/* End PBXContainerItemProxy section */

/* Begin PBXFileReference section */
		FFA6EE5128E16E16009708CA /* movie-library-ios.app */ = {isa = PBXFileReference; explicitFileType = wrapper.application; includeInIndex = 0; path = "movie-library-ios.app"; sourceTree = BUILT_PRODUCTS_DIR; };
		FFA6EE5428E16E16009708CA /* movie_library_iosApp.swift */ = {isa = PBXFileReference; lastKnownFileType = sourcecode.swift; path = movie_library_iosApp.swift; sourceTree = "<group>"; };
		FFA6EE5628E16E16009708CA /* ContentView.swift */ = {isa = PBXFileReference; lastKnownFileType = sourcecode.swift; path = ContentView.swift; sourceTree = "<group>"; };
		FFA6EE5828E16E1B009708CA /* Assets.xcassets */ = {isa = PBXFileReference; lastKnownFileType = folder.assetcatalog; path = Assets.xcassets; sourceTree = "<group>"; };
		FFA6EE5B28E16E1B009708CA /* Preview Assets.xcassets */ = {isa = PBXFileReference; lastKnownFileType = folder.assetcatalog; path = "Preview Assets.xcassets"; sourceTree = "<group>"; };
		FFA6EE5D28E16E1B009708CA /* Persistence.swift */ = {isa = PBXFileReference; lastKnownFileType = sourcecode.swift; path = Persistence.swift; sourceTree = "<group>"; };
		FFA6EE6028E16E1B009708CA /* movie_library_ios.xcdatamodel */ = {isa = PBXFileReference; lastKnownFileType = wrapper.xcdatamodel; path = movie_library_ios.xcdatamodel; sourceTree = "<group>"; };
		FFA6EE6628E16E1B009708CA /* movie-library-iosTests.xctest */ = {isa = PBXFileReference; explicitFileType = wrapper.cfbundle; includeInIndex = 0; path = "movie-library-iosTests.xctest"; sourceTree = BUILT_PRODUCTS_DIR; };
		FFA6EE6A28E16E1B009708CA /* movie_library_iosTests.swift */ = {isa = PBXFileReference; lastKnownFileType = sourcecode.swift; path = movie_library_iosTests.swift; sourceTree = "<group>"; };
		FFA6EE7028E16E1B009708CA /* movie-library-iosUITests.xctest */ = {isa = PBXFileReference; explicitFileType = wrapper.cfbundle; includeInIndex = 0; path = "movie-library-iosUITests.xctest"; sourceTree = BUILT_PRODUCTS_DIR; };
		FFA6EE7428E16E1B009708CA /* movie_library_iosUITests.swift */ = {isa = PBXFileReference; lastKnownFileType = sourcecode.swift; path = movie_library_iosUITests.swift; sourceTree = "<group>"; };
		FFA6EE7628E16E1B009708CA /* movie_library_iosUITestsLaunchTests.swift */ = {isa = PBXFileReference; lastKnownFileType = sourcecode.swift; path = movie_library_iosUITestsLaunchTests.swift; sourceTree = "<group>"; };
		FFA6EE8E28E17173009708CA /* Injection.swift */ = {isa = PBXFileReference; lastKnownFileType = sourcecode.swift; path = Injection.swift; sourceTree = "<group>"; };
		FFA6EE9428E17CD6009708CA /* Movie.swift */ = {isa = PBXFileReference; lastKnownFileType = sourcecode.swift; path = Movie.swift; sourceTree = "<group>"; };
		FFA6EE9528E17CEA009708CA /* MovieClient.swift */ = {isa = PBXFileReference; lastKnownFileType = sourcecode.swift; path = MovieClient.swift; sourceTree = "<group>"; };
		FFA6EEA128E18369009708CA /* RemoteDataSource.swift */ = {isa = PBXFileReference; lastKnownFileType = sourcecode.swift; path = RemoteDataSource.swift; sourceTree = "<group>"; };
		FFA6EEAB28E19051009708CA /* HomePresenter.swift */ = {isa = PBXFileReference; lastKnownFileType = sourcecode.swift; path = HomePresenter.swift; sourceTree = "<group>"; };
		FFA6EEAF28E1B04D009708CA /* LocaleDataSource.swift */ = {isa = PBXFileReference; lastKnownFileType = sourcecode.swift; path = LocaleDataSource.swift; sourceTree = "<group>"; };
		FFA6EEB128E1B2E1009708CA /* CustomError+Ext.swift */ = {isa = PBXFileReference; lastKnownFileType = sourcecode.swift; path = "CustomError+Ext.swift"; sourceTree = "<group>"; };
		FFA6EEB328E1B642009708CA /* FavoriteMovie.swift */ = {isa = PBXFileReference; lastKnownFileType = sourcecode.swift; path = FavoriteMovie.swift; sourceTree = "<group>"; };
		FFA6EEB728E1BCA8009708CA /* HomeInteractor.swift */ = {isa = PBXFileReference; lastKnownFileType = sourcecode.swift; path = HomeInteractor.swift; sourceTree = "<group>"; };
		FFA6EEB928E1BCBF009708CA /* MovieModel.swift */ = {isa = PBXFileReference; lastKnownFileType = sourcecode.swift; path = MovieModel.swift; sourceTree = "<group>"; };
		FFA6EEBB28E1BE6E009708CA /* MovieRepository.swift */ = {isa = PBXFileReference; lastKnownFileType = sourcecode.swift; path = MovieRepository.swift; sourceTree = "<group>"; };
		FFA6EEBD28E1C2D4009708CA /* MovieMapper.swift */ = {isa = PBXFileReference; lastKnownFileType = sourcecode.swift; path = MovieMapper.swift; sourceTree = "<group>"; };
		FFA6EEBF28E1CC62009708CA /* HomeRouter.swift */ = {isa = PBXFileReference; lastKnownFileType = sourcecode.swift; path = HomeRouter.swift; sourceTree = "<group>"; };
		FFA6EEC128E1D432009708CA /* HomeView.swift */ = {isa = PBXFileReference; lastKnownFileType = sourcecode.swift; path = HomeView.swift; sourceTree = "<group>"; };
		FFA6EEC328E1D4C4009708CA /* TabItem.swift */ = {isa = PBXFileReference; lastKnownFileType = sourcecode.swift; path = TabItem.swift; sourceTree = "<group>"; };
		FFA6EEC428E1D4C4009708CA /* CustomEmptyView.swift */ = {isa = PBXFileReference; lastKnownFileType = sourcecode.swift; path = CustomEmptyView.swift; sourceTree = "<group>"; };
		FFA6EEC528E1D4C4009708CA /* RoundedCorner.swift */ = {isa = PBXFileReference; lastKnownFileType = sourcecode.swift; path = RoundedCorner.swift; sourceTree = "<group>"; };
		FFA6EEC628E1D4C4009708CA /* BlurView.swift */ = {isa = PBXFileReference; lastKnownFileType = sourcecode.swift; path = BlurView.swift; sourceTree = "<group>"; };
		FFA6EEC728E1D4C4009708CA /* SearchBar.swift */ = {isa = PBXFileReference; lastKnownFileType = sourcecode.swift; path = SearchBar.swift; sourceTree = "<group>"; };
		FFA6EEC828E1D4C4009708CA /* CustomIcon.swift */ = {isa = PBXFileReference; lastKnownFileType = sourcecode.swift; path = CustomIcon.swift; sourceTree = "<group>"; };
		FFA6EEC928E1D4C4009708CA /* ActivityIndicator.swift */ = {isa = PBXFileReference; lastKnownFileType = sourcecode.swift; path = ActivityIndicator.swift; sourceTree = "<group>"; };
		FFB71B1128FA8BFD0041EF7F /* DetailPresenter.swift */ = {isa = PBXFileReference; lastKnownFileType = sourcecode.swift; path = DetailPresenter.swift; sourceTree = "<group>"; };
		FFB71B1328FA8C0B0041EF7F /* DetailView.swift */ = {isa = PBXFileReference; lastKnownFileType = sourcecode.swift; path = DetailView.swift; sourceTree = "<group>"; };
		FFB71B1528FA8C170041EF7F /* DetailRouter.swift */ = {isa = PBXFileReference; lastKnownFileType = sourcecode.swift; path = DetailRouter.swift; sourceTree = "<group>"; };
		FFB71B1728FA918F0041EF7F /* DetailInteractor.swift */ = {isa = PBXFileReference; lastKnownFileType = sourcecode.swift; path = DetailInteractor.swift; sourceTree = "<group>"; };
		FFB71B1928FB00C60041EF7F /* DetailMovieModel.swift */ = {isa = PBXFileReference; lastKnownFileType = sourcecode.swift; path = DetailMovieModel.swift; sourceTree = "<group>"; };
		FFB71B1B28FB02580041EF7F /* DetailMovieMapper.swift */ = {isa = PBXFileReference; lastKnownFileType = sourcecode.swift; path = DetailMovieMapper.swift; sourceTree = "<group>"; };
		FFEE0DA728F71B6E00ABAA83 /* NetworkLogger.swift */ = {isa = PBXFileReference; lastKnownFileType = sourcecode.swift; path = NetworkLogger.swift; sourceTree = "<group>"; };
/* End PBXFileReference section */

/* Begin PBXFrameworksBuildPhase section */
		FFA6EE4E28E16E16009708CA /* Frameworks */ = {
			isa = PBXFrameworksBuildPhase;
			buildActionMask = 2147483647;
			files = (
				FFB71B0D28FA5F7B0041EF7F /* SDWebImageSwiftUI in Frameworks */,
				FFA6EEA028E180A3009708CA /* RealmSwift in Frameworks */,
				FFA6EE9E28E180A3009708CA /* Realm in Frameworks */,
				FFA6EE9B28E17EEE009708CA /* SDWebImage in Frameworks */,
				FFA6EE9828E17E5D009708CA /* Alamofire in Frameworks */,
			);
			runOnlyForDeploymentPostprocessing = 0;
		};
		FFA6EE6328E16E1B009708CA /* Frameworks */ = {
			isa = PBXFrameworksBuildPhase;
			buildActionMask = 2147483647;
			files = (
			);
			runOnlyForDeploymentPostprocessing = 0;
		};
		FFA6EE6D28E16E1B009708CA /* Frameworks */ = {
			isa = PBXFrameworksBuildPhase;
			buildActionMask = 2147483647;
			files = (
			);
			runOnlyForDeploymentPostprocessing = 0;
		};
/* End PBXFrameworksBuildPhase section */

/* Begin PBXGroup section */
		FFA6EE4828E16E16009708CA = {
			isa = PBXGroup;
			children = (
				FFA6EE5328E16E16009708CA /* movie-library-ios */,
				FFA6EE6928E16E1B009708CA /* movie-library-iosTests */,
				FFA6EE7328E16E1B009708CA /* movie-library-iosUITests */,
				FFA6EE5228E16E16009708CA /* Products */,
			);
			sourceTree = "<group>";
		};
		FFA6EE5228E16E16009708CA /* Products */ = {
			isa = PBXGroup;
			children = (
				FFA6EE5128E16E16009708CA /* movie-library-ios.app */,
				FFA6EE6628E16E1B009708CA /* movie-library-iosTests.xctest */,
				FFA6EE7028E16E1B009708CA /* movie-library-iosUITests.xctest */,
			);
			name = Products;
			sourceTree = "<group>";
		};
		FFA6EE5328E16E16009708CA /* movie-library-ios */ = {
			isa = PBXGroup;
			children = (
				FFA6EE8528E16FDF009708CA /* App */,
				FFA6EE8328E16ECB009708CA /* Core */,
				FFA6EE8428E16FA0009708CA /* Module */,
				FFA6EE5428E16E16009708CA /* movie_library_iosApp.swift */,
				FFA6EE5628E16E16009708CA /* ContentView.swift */,
				FFA6EE5828E16E1B009708CA /* Assets.xcassets */,
				FFA6EE5D28E16E1B009708CA /* Persistence.swift */,
				FFA6EE5F28E16E1B009708CA /* movie_library_ios.xcdatamodeld */,
				FFA6EE5A28E16E1B009708CA /* Preview Content */,
			);
			path = "movie-library-ios";
			sourceTree = "<group>";
		};
		FFA6EE5A28E16E1B009708CA /* Preview Content */ = {
			isa = PBXGroup;
			children = (
				FFA6EE5B28E16E1B009708CA /* Preview Assets.xcassets */,
			);
			path = "Preview Content";
			sourceTree = "<group>";
		};
		FFA6EE6928E16E1B009708CA /* movie-library-iosTests */ = {
			isa = PBXGroup;
			children = (
				FFA6EE6A28E16E1B009708CA /* movie_library_iosTests.swift */,
			);
			path = "movie-library-iosTests";
			sourceTree = "<group>";
		};
		FFA6EE7328E16E1B009708CA /* movie-library-iosUITests */ = {
			isa = PBXGroup;
			children = (
				FFA6EE7428E16E1B009708CA /* movie_library_iosUITests.swift */,
				FFA6EE7628E16E1B009708CA /* movie_library_iosUITestsLaunchTests.swift */,
			);
			path = "movie-library-iosUITests";
			sourceTree = "<group>";
		};
		FFA6EE8328E16ECB009708CA /* Core */ = {
			isa = PBXGroup;
			children = (
				FFA6EE8628E17005009708CA /* Data */,
				FFA6EE8728E17012009708CA /* DI */,
				FFA6EE8828E1701E009708CA /* Domain */,
				FFA6EE8928E17025009708CA /* Utils */,
				FFA6EE8A28E17040009708CA /* View */,
			);
			path = Core;
			sourceTree = "<group>";
		};
		FFA6EE8428E16FA0009708CA /* Module */ = {
			isa = PBXGroup;
			children = (
				FFA6EEA528E18C3E009708CA /* Home */,
				FFA6EEA628E18C44009708CA /* Detail */,
			);
			path = Module;
			sourceTree = "<group>";
		};
		FFA6EE8528E16FDF009708CA /* App */ = {
			isa = PBXGroup;
			children = (
			);
			path = App;
			sourceTree = "<group>";
		};
		FFA6EE8628E17005009708CA /* Data */ = {
			isa = PBXGroup;
			children = (
				FFA6EE9128E17BB4009708CA /* Local */,
				FFA6EE9028E17BAB009708CA /* Remote */,
				FFA6EEBB28E1BE6E009708CA /* MovieRepository.swift */,
			);
			path = Data;
			sourceTree = "<group>";
		};
		FFA6EE8728E17012009708CA /* DI */ = {
			isa = PBXGroup;
			children = (
				FFA6EE8E28E17173009708CA /* Injection.swift */,
			);
			path = DI;
			sourceTree = "<group>";
		};
		FFA6EE8828E1701E009708CA /* Domain */ = {
			isa = PBXGroup;
			children = (
				FFA6EEAD28E191B9009708CA /* Model */,
				FFA6EEB628E1BC77009708CA /* UseCase */,
			);
			path = Domain;
			sourceTree = "<group>";
		};
		FFA6EE8928E17025009708CA /* Utils */ = {
			isa = PBXGroup;
			children = (
				FFA6EE8D28E17132009708CA /* Extension */,
				FFA6EE8B28E170A0009708CA /* Network */,
				FFA6EE8C28E170B9009708CA /* Mapper */,
			);
			path = Utils;
			sourceTree = "<group>";
		};
		FFA6EE8A28E17040009708CA /* View */ = {
			isa = PBXGroup;
			children = (
				FFA6EEC928E1D4C4009708CA /* ActivityIndicator.swift */,
				FFA6EEC628E1D4C4009708CA /* BlurView.swift */,
				FFA6EEC428E1D4C4009708CA /* CustomEmptyView.swift */,
				FFA6EEC828E1D4C4009708CA /* CustomIcon.swift */,
				FFA6EEC528E1D4C4009708CA /* RoundedCorner.swift */,
				FFA6EEC728E1D4C4009708CA /* SearchBar.swift */,
				FFA6EEC328E1D4C4009708CA /* TabItem.swift */,
			);
			path = View;
			sourceTree = "<group>";
		};
		FFA6EE8B28E170A0009708CA /* Network */ = {
			isa = PBXGroup;
			children = (
				FFA6EE9528E17CEA009708CA /* MovieClient.swift */,
				FFEE0DA728F71B6E00ABAA83 /* NetworkLogger.swift */,
			);
			path = Network;
			sourceTree = "<group>";
		};
		FFA6EE8C28E170B9009708CA /* Mapper */ = {
			isa = PBXGroup;
			children = (
				FFA6EEBD28E1C2D4009708CA /* MovieMapper.swift */,
				FFB71B1B28FB02580041EF7F /* DetailMovieMapper.swift */,
			);
			path = Mapper;
			sourceTree = "<group>";
		};
		FFA6EE8D28E17132009708CA /* Extension */ = {
			isa = PBXGroup;
			children = (
				FFA6EEB128E1B2E1009708CA /* CustomError+Ext.swift */,
			);
			path = Extension;
			sourceTree = "<group>";
		};
		FFA6EE9028E17BAB009708CA /* Remote */ = {
			isa = PBXGroup;
			children = (
				FFA6EEAE28E1AED6009708CA /* Response */,
				FFA6EEA128E18369009708CA /* RemoteDataSource.swift */,
			);
			path = Remote;
			sourceTree = "<group>";
		};
		FFA6EE9128E17BB4009708CA /* Local */ = {
			isa = PBXGroup;
			children = (
				FFA6EEB528E1BA74009708CA /* Entity */,
				FFA6EEAF28E1B04D009708CA /* LocaleDataSource.swift */,
			);
			path = Local;
			sourceTree = "<group>";
		};
		FFA6EEA528E18C3E009708CA /* Home */ = {
			isa = PBXGroup;
			children = (
				FFA6EEA728E18C4C009708CA /* Presenter */,
				FFA6EEA828E18C54009708CA /* View */,
				FFA6EEA928E18C5E009708CA /* Router */,
			);
			path = Home;
			sourceTree = "<group>";
		};
		FFA6EEA628E18C44009708CA /* Detail */ = {
			isa = PBXGroup;
			children = (
				FFB71B0E28FA8BC60041EF7F /* Presenter */,
				FFB71B0F28FA8BD50041EF7F /* View */,
				FFB71B1028FA8BDC0041EF7F /* Router */,
			);
			path = Detail;
			sourceTree = "<group>";
		};
		FFA6EEA728E18C4C009708CA /* Presenter */ = {
			isa = PBXGroup;
			children = (
				FFA6EEAB28E19051009708CA /* HomePresenter.swift */,
			);
			path = Presenter;
			sourceTree = "<group>";
		};
		FFA6EEA828E18C54009708CA /* View */ = {
			isa = PBXGroup;
			children = (
				FFA6EEC128E1D432009708CA /* HomeView.swift */,
			);
			path = View;
			sourceTree = "<group>";
		};
		FFA6EEA928E18C5E009708CA /* Router */ = {
			isa = PBXGroup;
			children = (
				FFA6EEBF28E1CC62009708CA /* HomeRouter.swift */,
			);
			path = Router;
			sourceTree = "<group>";
		};
		FFA6EEAD28E191B9009708CA /* Model */ = {
			isa = PBXGroup;
			children = (
				FFA6EEB928E1BCBF009708CA /* MovieModel.swift */,
				FFB71B1928FB00C60041EF7F /* DetailMovieModel.swift */,
			);
			path = Model;
			sourceTree = "<group>";
		};
		FFA6EEAE28E1AED6009708CA /* Response */ = {
			isa = PBXGroup;
			children = (
				FFA6EE9428E17CD6009708CA /* Movie.swift */,
			);
			path = Response;
			sourceTree = "<group>";
		};
		FFA6EEB528E1BA74009708CA /* Entity */ = {
			isa = PBXGroup;
			children = (
				FFA6EEB328E1B642009708CA /* FavoriteMovie.swift */,
			);
			path = Entity;
			sourceTree = "<group>";
		};
		FFA6EEB628E1BC77009708CA /* UseCase */ = {
			isa = PBXGroup;
			children = (
				FFA6EEB728E1BCA8009708CA /* HomeInteractor.swift */,
				FFB71B1728FA918F0041EF7F /* DetailInteractor.swift */,
			);
			path = UseCase;
			sourceTree = "<group>";
		};
		FFB71B0E28FA8BC60041EF7F /* Presenter */ = {
			isa = PBXGroup;
			children = (
				FFB71B1128FA8BFD0041EF7F /* DetailPresenter.swift */,
			);
			path = Presenter;
			sourceTree = "<group>";
		};
		FFB71B0F28FA8BD50041EF7F /* View */ = {
			isa = PBXGroup;
			children = (
				FFB71B1328FA8C0B0041EF7F /* DetailView.swift */,
			);
			path = View;
			sourceTree = "<group>";
		};
		FFB71B1028FA8BDC0041EF7F /* Router */ = {
			isa = PBXGroup;
			children = (
				FFB71B1528FA8C170041EF7F /* DetailRouter.swift */,
			);
			path = Router;
			sourceTree = "<group>";
		};
/* End PBXGroup section */

/* Begin PBXNativeTarget section */
		FFA6EE5028E16E16009708CA /* movie-library-ios */ = {
			isa = PBXNativeTarget;
			buildConfigurationList = FFA6EE7A28E16E1B009708CA /* Build configuration list for PBXNativeTarget "movie-library-ios" */;
			buildPhases = (
				FFA6EE4D28E16E16009708CA /* Sources */,
				FFA6EE4E28E16E16009708CA /* Frameworks */,
				FFA6EE4F28E16E16009708CA /* Resources */,
			);
			buildRules = (
			);
			dependencies = (
			);
			name = "movie-library-ios";
			packageProductDependencies = (
				FFA6EE9728E17E5D009708CA /* Alamofire */,
				FFA6EE9A28E17EEE009708CA /* SDWebImage */,
				FFA6EE9D28E180A3009708CA /* Realm */,
				FFA6EE9F28E180A3009708CA /* RealmSwift */,
				FFB71B0C28FA5F7B0041EF7F /* SDWebImageSwiftUI */,
			);
			productName = "movie-library-ios";
			productReference = FFA6EE5128E16E16009708CA /* movie-library-ios.app */;
			productType = "com.apple.product-type.application";
		};
		FFA6EE6528E16E1B009708CA /* movie-library-iosTests */ = {
			isa = PBXNativeTarget;
			buildConfigurationList = FFA6EE7D28E16E1B009708CA /* Build configuration list for PBXNativeTarget "movie-library-iosTests" */;
			buildPhases = (
				FFA6EE6228E16E1B009708CA /* Sources */,
				FFA6EE6328E16E1B009708CA /* Frameworks */,
				FFA6EE6428E16E1B009708CA /* Resources */,
			);
			buildRules = (
			);
			dependencies = (
				FFA6EE6828E16E1B009708CA /* PBXTargetDependency */,
			);
			name = "movie-library-iosTests";
			productName = "movie-library-iosTests";
			productReference = FFA6EE6628E16E1B009708CA /* movie-library-iosTests.xctest */;
			productType = "com.apple.product-type.bundle.unit-test";
		};
		FFA6EE6F28E16E1B009708CA /* movie-library-iosUITests */ = {
			isa = PBXNativeTarget;
			buildConfigurationList = FFA6EE8028E16E1B009708CA /* Build configuration list for PBXNativeTarget "movie-library-iosUITests" */;
			buildPhases = (
				FFA6EE6C28E16E1B009708CA /* Sources */,
				FFA6EE6D28E16E1B009708CA /* Frameworks */,
				FFA6EE6E28E16E1B009708CA /* Resources */,
			);
			buildRules = (
			);
			dependencies = (
				FFA6EE7228E16E1B009708CA /* PBXTargetDependency */,
			);
			name = "movie-library-iosUITests";
			productName = "movie-library-iosUITests";
			productReference = FFA6EE7028E16E1B009708CA /* movie-library-iosUITests.xctest */;
			productType = "com.apple.product-type.bundle.ui-testing";
		};
/* End PBXNativeTarget section */

/* Begin PBXProject section */
		FFA6EE4928E16E16009708CA /* Project object */ = {
			isa = PBXProject;
			attributes = {
				BuildIndependentTargetsInParallel = 1;
				LastSwiftUpdateCheck = 1340;
				LastUpgradeCheck = 1340;
				TargetAttributes = {
					FFA6EE5028E16E16009708CA = {
						CreatedOnToolsVersion = 13.4.1;
					};
					FFA6EE6528E16E1B009708CA = {
						CreatedOnToolsVersion = 13.4.1;
						TestTargetID = FFA6EE5028E16E16009708CA;
					};
					FFA6EE6F28E16E1B009708CA = {
						CreatedOnToolsVersion = 13.4.1;
						TestTargetID = FFA6EE5028E16E16009708CA;
					};
				};
			};
			buildConfigurationList = FFA6EE4C28E16E16009708CA /* Build configuration list for PBXProject "movie-library-ios" */;
			compatibilityVersion = "Xcode 13.0";
			developmentRegion = en;
			hasScannedForEncodings = 0;
			knownRegions = (
				en,
				Base,
			);
			mainGroup = FFA6EE4828E16E16009708CA;
			packageReferences = (
				FFA6EE9628E17E5D009708CA /* XCRemoteSwiftPackageReference "Alamofire" */,
				FFA6EE9928E17EEE009708CA /* XCRemoteSwiftPackageReference "SDWebImage" */,
				FFA6EE9C28E180A3009708CA /* XCRemoteSwiftPackageReference "realm-swift" */,
				FFB71B0B28FA5F7B0041EF7F /* XCRemoteSwiftPackageReference "SDWebImageSwiftUI" */,
			);
			productRefGroup = FFA6EE5228E16E16009708CA /* Products */;
			projectDirPath = "";
			projectRoot = "";
			targets = (
				FFA6EE5028E16E16009708CA /* movie-library-ios */,
				FFA6EE6528E16E1B009708CA /* movie-library-iosTests */,
				FFA6EE6F28E16E1B009708CA /* movie-library-iosUITests */,
			);
		};
/* End PBXProject section */

/* Begin PBXResourcesBuildPhase section */
		FFA6EE4F28E16E16009708CA /* Resources */ = {
			isa = PBXResourcesBuildPhase;
			buildActionMask = 2147483647;
			files = (
				FFA6EE5C28E16E1B009708CA /* Preview Assets.xcassets in Resources */,
				FFA6EE5928E16E1B009708CA /* Assets.xcassets in Resources */,
			);
			runOnlyForDeploymentPostprocessing = 0;
		};
		FFA6EE6428E16E1B009708CA /* Resources */ = {
			isa = PBXResourcesBuildPhase;
			buildActionMask = 2147483647;
			files = (
			);
			runOnlyForDeploymentPostprocessing = 0;
		};
		FFA6EE6E28E16E1B009708CA /* Resources */ = {
			isa = PBXResourcesBuildPhase;
			buildActionMask = 2147483647;
			files = (
			);
			runOnlyForDeploymentPostprocessing = 0;
		};
/* End PBXResourcesBuildPhase section */

/* Begin PBXSourcesBuildPhase section */
		FFA6EE4D28E16E16009708CA /* Sources */ = {
			isa = PBXSourcesBuildPhase;
			buildActionMask = 2147483647;
			files = (
				FFA6EEBA28E1BCBF009708CA /* MovieModel.swift in Sources */,
				FFA6EEBE28E1C2D4009708CA /* MovieMapper.swift in Sources */,
				FFB71B1228FA8BFD0041EF7F /* DetailPresenter.swift in Sources */,
				FFA6EED028E1D4CE009708CA /* CustomEmptyView.swift in Sources */,
				FFA6EEA328E18457009708CA /* Movie.swift in Sources */,
				FFA6EE8F28E17173009708CA /* Injection.swift in Sources */,
				FFA6EEB428E1B642009708CA /* FavoriteMovie.swift in Sources */,
				FFA6EEB228E1B322009708CA /* CustomError+Ext.swift in Sources */,
				FFA6EECC28E1D4CE009708CA /* CustomIcon.swift in Sources */,
				FFA6EE6128E16E1B009708CA /* movie_library_ios.xcdatamodeld in Sources */,
				FFB71B1C28FB02580041EF7F /* DetailMovieMapper.swift in Sources */,
				FFA6EEA428E1861A009708CA /* MovieClient.swift in Sources */,
				FFA6EEC028E1CC62009708CA /* HomeRouter.swift in Sources */,
				FFB71B1A28FB00C60041EF7F /* DetailMovieModel.swift in Sources */,
				FFA6EECD28E1D4CE009708CA /* TabItem.swift in Sources */,
				FFA6EEC228E1D432009708CA /* HomeView.swift in Sources */,
				FFA6EECE28E1D4CE009708CA /* ActivityIndicator.swift in Sources */,
				FFA6EEB028E1B04D009708CA /* LocaleDataSource.swift in Sources */,
				FFA6EEBC28E1BE6E009708CA /* MovieRepository.swift in Sources */,
				FFB71B1428FA8C0B0041EF7F /* DetailView.swift in Sources */,
				FFA6EECB28E1D4CE009708CA /* RoundedCorner.swift in Sources */,
				FFA6EE5E28E16E1B009708CA /* Persistence.swift in Sources */,
				FFEE0DA828F71B6E00ABAA83 /* NetworkLogger.swift in Sources */,
				FFB71B1828FA918F0041EF7F /* DetailInteractor.swift in Sources */,
				FFA6EECF28E1D4CE009708CA /* BlurView.swift in Sources */,
				FFA6EE5728E16E16009708CA /* ContentView.swift in Sources */,
				FFB71B1628FA8C170041EF7F /* DetailRouter.swift in Sources */,
				FFA6EEAC28E19051009708CA /* HomePresenter.swift in Sources */,
				FFA6EECA28E1D4CE009708CA /* SearchBar.swift in Sources */,
				FFA6EEA228E18369009708CA /* RemoteDataSource.swift in Sources */,
				FFA6EE5528E16E16009708CA /* movie_library_iosApp.swift in Sources */,
				FFA6EEB828E1BCA8009708CA /* HomeInteractor.swift in Sources */,
			);
			runOnlyForDeploymentPostprocessing = 0;
		};
		FFA6EE6228E16E1B009708CA /* Sources */ = {
			isa = PBXSourcesBuildPhase;
			buildActionMask = 2147483647;
			files = (
				FFA6EE6B28E16E1B009708CA /* movie_library_iosTests.swift in Sources */,
			);
			runOnlyForDeploymentPostprocessing = 0;
		};
		FFA6EE6C28E16E1B009708CA /* Sources */ = {
			isa = PBXSourcesBuildPhase;
			buildActionMask = 2147483647;
			files = (
				FFA6EE7528E16E1B009708CA /* movie_library_iosUITests.swift in Sources */,
				FFA6EE7728E16E1B009708CA /* movie_library_iosUITestsLaunchTests.swift in Sources */,
			);
			runOnlyForDeploymentPostprocessing = 0;
		};
/* End PBXSourcesBuildPhase section */

/* Begin PBXTargetDependency section */
		FFA6EE6828E16E1B009708CA /* PBXTargetDependency */ = {
			isa = PBXTargetDependency;
			target = FFA6EE5028E16E16009708CA /* movie-library-ios */;
			targetProxy = FFA6EE6728E16E1B009708CA /* PBXContainerItemProxy */;
		};
		FFA6EE7228E16E1B009708CA /* PBXTargetDependency */ = {
			isa = PBXTargetDependency;
			target = FFA6EE5028E16E16009708CA /* movie-library-ios */;
			targetProxy = FFA6EE7128E16E1B009708CA /* PBXContainerItemProxy */;
		};
/* End PBXTargetDependency section */

/* Begin XCBuildConfiguration section */
		FFA6EE7828E16E1B009708CA /* Debug */ = {
			isa = XCBuildConfiguration;
			buildSettings = {
				ALWAYS_SEARCH_USER_PATHS = NO;
				CLANG_ANALYZER_NONNULL = YES;
				CLANG_ANALYZER_NUMBER_OBJECT_CONVERSION = YES_AGGRESSIVE;
				CLANG_CXX_LANGUAGE_STANDARD = "gnu++17";
				CLANG_ENABLE_MODULES = YES;
				CLANG_ENABLE_OBJC_ARC = YES;
				CLANG_ENABLE_OBJC_WEAK = YES;
				CLANG_WARN_BLOCK_CAPTURE_AUTORELEASING = YES;
				CLANG_WARN_BOOL_CONVERSION = YES;
				CLANG_WARN_COMMA = YES;
				CLANG_WARN_CONSTANT_CONVERSION = YES;
				CLANG_WARN_DEPRECATED_OBJC_IMPLEMENTATIONS = YES;
				CLANG_WARN_DIRECT_OBJC_ISA_USAGE = YES_ERROR;
				CLANG_WARN_DOCUMENTATION_COMMENTS = YES;
				CLANG_WARN_EMPTY_BODY = YES;
				CLANG_WARN_ENUM_CONVERSION = YES;
				CLANG_WARN_INFINITE_RECURSION = YES;
				CLANG_WARN_INT_CONVERSION = YES;
				CLANG_WARN_NON_LITERAL_NULL_CONVERSION = YES;
				CLANG_WARN_OBJC_IMPLICIT_RETAIN_SELF = YES;
				CLANG_WARN_OBJC_LITERAL_CONVERSION = YES;
				CLANG_WARN_OBJC_ROOT_CLASS = YES_ERROR;
				CLANG_WARN_QUOTED_INCLUDE_IN_FRAMEWORK_HEADER = YES;
				CLANG_WARN_RANGE_LOOP_ANALYSIS = YES;
				CLANG_WARN_STRICT_PROTOTYPES = YES;
				CLANG_WARN_SUSPICIOUS_MOVE = YES;
				CLANG_WARN_UNGUARDED_AVAILABILITY = YES_AGGRESSIVE;
				CLANG_WARN_UNREACHABLE_CODE = YES;
				CLANG_WARN__DUPLICATE_METHOD_MATCH = YES;
				COPY_PHASE_STRIP = NO;
				DEBUG_INFORMATION_FORMAT = dwarf;
				ENABLE_STRICT_OBJC_MSGSEND = YES;
				ENABLE_TESTABILITY = YES;
				GCC_C_LANGUAGE_STANDARD = gnu11;
				GCC_DYNAMIC_NO_PIC = NO;
				GCC_NO_COMMON_BLOCKS = YES;
				GCC_OPTIMIZATION_LEVEL = 0;
				GCC_PREPROCESSOR_DEFINITIONS = (
					"DEBUG=1",
					"$(inherited)",
				);
				GCC_WARN_64_TO_32_BIT_CONVERSION = YES;
				GCC_WARN_ABOUT_RETURN_TYPE = YES_ERROR;
				GCC_WARN_UNDECLARED_SELECTOR = YES;
				GCC_WARN_UNINITIALIZED_AUTOS = YES_AGGRESSIVE;
				GCC_WARN_UNUSED_FUNCTION = YES;
				GCC_WARN_UNUSED_VARIABLE = YES;
				IPHONEOS_DEPLOYMENT_TARGET = 15.5;
				MTL_ENABLE_DEBUG_INFO = INCLUDE_SOURCE;
				MTL_FAST_MATH = YES;
				ONLY_ACTIVE_ARCH = YES;
				SDKROOT = iphoneos;
				SWIFT_ACTIVE_COMPILATION_CONDITIONS = DEBUG;
				SWIFT_OPTIMIZATION_LEVEL = "-Onone";
			};
			name = Debug;
		};
		FFA6EE7928E16E1B009708CA /* Release */ = {
			isa = XCBuildConfiguration;
			buildSettings = {
				ALWAYS_SEARCH_USER_PATHS = NO;
				CLANG_ANALYZER_NONNULL = YES;
				CLANG_ANALYZER_NUMBER_OBJECT_CONVERSION = YES_AGGRESSIVE;
				CLANG_CXX_LANGUAGE_STANDARD = "gnu++17";
				CLANG_ENABLE_MODULES = YES;
				CLANG_ENABLE_OBJC_ARC = YES;
				CLANG_ENABLE_OBJC_WEAK = YES;
				CLANG_WARN_BLOCK_CAPTURE_AUTORELEASING = YES;
				CLANG_WARN_BOOL_CONVERSION = YES;
				CLANG_WARN_COMMA = YES;
				CLANG_WARN_CONSTANT_CONVERSION = YES;
				CLANG_WARN_DEPRECATED_OBJC_IMPLEMENTATIONS = YES;
				CLANG_WARN_DIRECT_OBJC_ISA_USAGE = YES_ERROR;
				CLANG_WARN_DOCUMENTATION_COMMENTS = YES;
				CLANG_WARN_EMPTY_BODY = YES;
				CLANG_WARN_ENUM_CONVERSION = YES;
				CLANG_WARN_INFINITE_RECURSION = YES;
				CLANG_WARN_INT_CONVERSION = YES;
				CLANG_WARN_NON_LITERAL_NULL_CONVERSION = YES;
				CLANG_WARN_OBJC_IMPLICIT_RETAIN_SELF = YES;
				CLANG_WARN_OBJC_LITERAL_CONVERSION = YES;
				CLANG_WARN_OBJC_ROOT_CLASS = YES_ERROR;
				CLANG_WARN_QUOTED_INCLUDE_IN_FRAMEWORK_HEADER = YES;
				CLANG_WARN_RANGE_LOOP_ANALYSIS = YES;
				CLANG_WARN_STRICT_PROTOTYPES = YES;
				CLANG_WARN_SUSPICIOUS_MOVE = YES;
				CLANG_WARN_UNGUARDED_AVAILABILITY = YES_AGGRESSIVE;
				CLANG_WARN_UNREACHABLE_CODE = YES;
				CLANG_WARN__DUPLICATE_METHOD_MATCH = YES;
				COPY_PHASE_STRIP = NO;
				DEBUG_INFORMATION_FORMAT = "dwarf-with-dsym";
				ENABLE_NS_ASSERTIONS = NO;
				ENABLE_STRICT_OBJC_MSGSEND = YES;
				GCC_C_LANGUAGE_STANDARD = gnu11;
				GCC_NO_COMMON_BLOCKS = YES;
				GCC_WARN_64_TO_32_BIT_CONVERSION = YES;
				GCC_WARN_ABOUT_RETURN_TYPE = YES_ERROR;
				GCC_WARN_UNDECLARED_SELECTOR = YES;
				GCC_WARN_UNINITIALIZED_AUTOS = YES_AGGRESSIVE;
				GCC_WARN_UNUSED_FUNCTION = YES;
				GCC_WARN_UNUSED_VARIABLE = YES;
				IPHONEOS_DEPLOYMENT_TARGET = 15.5;
				MTL_ENABLE_DEBUG_INFO = NO;
				MTL_FAST_MATH = YES;
				SDKROOT = iphoneos;
				SWIFT_COMPILATION_MODE = wholemodule;
				SWIFT_OPTIMIZATION_LEVEL = "-O";
				VALIDATE_PRODUCT = YES;
			};
			name = Release;
		};
		FFA6EE7B28E16E1B009708CA /* Debug */ = {
			isa = XCBuildConfiguration;
			buildSettings = {
				ASSETCATALOG_COMPILER_APPICON_NAME = AppIcon;
				ASSETCATALOG_COMPILER_GLOBAL_ACCENT_COLOR_NAME = AccentColor;
				CODE_SIGN_STYLE = Automatic;
				CURRENT_PROJECT_VERSION = 1;
				DEVELOPMENT_ASSET_PATHS = "\"movie-library-ios/Preview Content\"";
				ENABLE_PREVIEWS = YES;
				GENERATE_INFOPLIST_FILE = YES;
				INFOPLIST_KEY_UIApplicationSceneManifest_Generation = YES;
				INFOPLIST_KEY_UIApplicationSupportsIndirectInputEvents = YES;
				INFOPLIST_KEY_UILaunchScreen_Generation = YES;
				INFOPLIST_KEY_UISupportedInterfaceOrientations_iPad = "UIInterfaceOrientationPortrait UIInterfaceOrientationPortraitUpsideDown UIInterfaceOrientationLandscapeLeft UIInterfaceOrientationLandscapeRight";
				INFOPLIST_KEY_UISupportedInterfaceOrientations_iPhone = "UIInterfaceOrientationPortrait UIInterfaceOrientationLandscapeLeft UIInterfaceOrientationLandscapeRight";
				LD_RUNPATH_SEARCH_PATHS = (
					"$(inherited)",
					"@executable_path/Frameworks",
				);
				MARKETING_VERSION = 1.0;
				PRODUCT_BUNDLE_IDENTIFIER = "com.mobile-hero.movie-library-ios";
				PRODUCT_NAME = "$(TARGET_NAME)";
				SWIFT_EMIT_LOC_STRINGS = YES;
				SWIFT_VERSION = 5.0;
				TARGETED_DEVICE_FAMILY = "1,2";
			};
			name = Debug;
		};
		FFA6EE7C28E16E1B009708CA /* Release */ = {
			isa = XCBuildConfiguration;
			buildSettings = {
				ASSETCATALOG_COMPILER_APPICON_NAME = AppIcon;
				ASSETCATALOG_COMPILER_GLOBAL_ACCENT_COLOR_NAME = AccentColor;
				CODE_SIGN_STYLE = Automatic;
				CURRENT_PROJECT_VERSION = 1;
				DEVELOPMENT_ASSET_PATHS = "\"movie-library-ios/Preview Content\"";
				ENABLE_PREVIEWS = YES;
				GENERATE_INFOPLIST_FILE = YES;
				INFOPLIST_KEY_UIApplicationSceneManifest_Generation = YES;
				INFOPLIST_KEY_UIApplicationSupportsIndirectInputEvents = YES;
				INFOPLIST_KEY_UILaunchScreen_Generation = YES;
				INFOPLIST_KEY_UISupportedInterfaceOrientations_iPad = "UIInterfaceOrientationPortrait UIInterfaceOrientationPortraitUpsideDown UIInterfaceOrientationLandscapeLeft UIInterfaceOrientationLandscapeRight";
				INFOPLIST_KEY_UISupportedInterfaceOrientations_iPhone = "UIInterfaceOrientationPortrait UIInterfaceOrientationLandscapeLeft UIInterfaceOrientationLandscapeRight";
				LD_RUNPATH_SEARCH_PATHS = (
					"$(inherited)",
					"@executable_path/Frameworks",
				);
				MARKETING_VERSION = 1.0;
				PRODUCT_BUNDLE_IDENTIFIER = "com.mobile-hero.movie-library-ios";
				PRODUCT_NAME = "$(TARGET_NAME)";
				SWIFT_EMIT_LOC_STRINGS = YES;
				SWIFT_VERSION = 5.0;
				TARGETED_DEVICE_FAMILY = "1,2";
			};
			name = Release;
		};
		FFA6EE7E28E16E1B009708CA /* Debug */ = {
			isa = XCBuildConfiguration;
			buildSettings = {
				ALWAYS_EMBED_SWIFT_STANDARD_LIBRARIES = YES;
				BUNDLE_LOADER = "$(TEST_HOST)";
				CODE_SIGN_STYLE = Automatic;
				CURRENT_PROJECT_VERSION = 1;
				GENERATE_INFOPLIST_FILE = YES;
				IPHONEOS_DEPLOYMENT_TARGET = 15.5;
				MARKETING_VERSION = 1.0;
				PRODUCT_BUNDLE_IDENTIFIER = "com.mobile-hero.movie-library-iosTests";
				PRODUCT_NAME = "$(TARGET_NAME)";
				SWIFT_EMIT_LOC_STRINGS = NO;
				SWIFT_VERSION = 5.0;
				TARGETED_DEVICE_FAMILY = "1,2";
				TEST_HOST = "$(BUILT_PRODUCTS_DIR)/movie-library-ios.app/movie-library-ios";
			};
			name = Debug;
		};
		FFA6EE7F28E16E1B009708CA /* Release */ = {
			isa = XCBuildConfiguration;
			buildSettings = {
				ALWAYS_EMBED_SWIFT_STANDARD_LIBRARIES = YES;
				BUNDLE_LOADER = "$(TEST_HOST)";
				CODE_SIGN_STYLE = Automatic;
				CURRENT_PROJECT_VERSION = 1;
				GENERATE_INFOPLIST_FILE = YES;
				IPHONEOS_DEPLOYMENT_TARGET = 15.5;
				MARKETING_VERSION = 1.0;
				PRODUCT_BUNDLE_IDENTIFIER = "com.mobile-hero.movie-library-iosTests";
				PRODUCT_NAME = "$(TARGET_NAME)";
				SWIFT_EMIT_LOC_STRINGS = NO;
				SWIFT_VERSION = 5.0;
				TARGETED_DEVICE_FAMILY = "1,2";
				TEST_HOST = "$(BUILT_PRODUCTS_DIR)/movie-library-ios.app/movie-library-ios";
			};
			name = Release;
		};
		FFA6EE8128E16E1B009708CA /* Debug */ = {
			isa = XCBuildConfiguration;
			buildSettings = {
				ALWAYS_EMBED_SWIFT_STANDARD_LIBRARIES = YES;
				CODE_SIGN_STYLE = Automatic;
				CURRENT_PROJECT_VERSION = 1;
				GENERATE_INFOPLIST_FILE = YES;
				MARKETING_VERSION = 1.0;
				PRODUCT_BUNDLE_IDENTIFIER = "com.mobile-hero.movie-library-iosUITests";
				PRODUCT_NAME = "$(TARGET_NAME)";
				SWIFT_EMIT_LOC_STRINGS = NO;
				SWIFT_VERSION = 5.0;
				TARGETED_DEVICE_FAMILY = "1,2";
				TEST_TARGET_NAME = "movie-library-ios";
			};
			name = Debug;
		};
		FFA6EE8228E16E1B009708CA /* Release */ = {
			isa = XCBuildConfiguration;
			buildSettings = {
				ALWAYS_EMBED_SWIFT_STANDARD_LIBRARIES = YES;
				CODE_SIGN_STYLE = Automatic;
				CURRENT_PROJECT_VERSION = 1;
				GENERATE_INFOPLIST_FILE = YES;
				MARKETING_VERSION = 1.0;
				PRODUCT_BUNDLE_IDENTIFIER = "com.mobile-hero.movie-library-iosUITests";
				PRODUCT_NAME = "$(TARGET_NAME)";
				SWIFT_EMIT_LOC_STRINGS = NO;
				SWIFT_VERSION = 5.0;
				TARGETED_DEVICE_FAMILY = "1,2";
				TEST_TARGET_NAME = "movie-library-ios";
			};
			name = Release;
		};
/* End XCBuildConfiguration section */

/* Begin XCConfigurationList section */
		FFA6EE4C28E16E16009708CA /* Build configuration list for PBXProject "movie-library-ios" */ = {
			isa = XCConfigurationList;
			buildConfigurations = (
				FFA6EE7828E16E1B009708CA /* Debug */,
				FFA6EE7928E16E1B009708CA /* Release */,
			);
			defaultConfigurationIsVisible = 0;
			defaultConfigurationName = Release;
		};
		FFA6EE7A28E16E1B009708CA /* Build configuration list for PBXNativeTarget "movie-library-ios" */ = {
			isa = XCConfigurationList;
			buildConfigurations = (
				FFA6EE7B28E16E1B009708CA /* Debug */,
				FFA6EE7C28E16E1B009708CA /* Release */,
			);
			defaultConfigurationIsVisible = 0;
			defaultConfigurationName = Release;
		};
		FFA6EE7D28E16E1B009708CA /* Build configuration list for PBXNativeTarget "movie-library-iosTests" */ = {
			isa = XCConfigurationList;
			buildConfigurations = (
				FFA6EE7E28E16E1B009708CA /* Debug */,
				FFA6EE7F28E16E1B009708CA /* Release */,
			);
			defaultConfigurationIsVisible = 0;
			defaultConfigurationName = Release;
		};
		FFA6EE8028E16E1B009708CA /* Build configuration list for PBXNativeTarget "movie-library-iosUITests" */ = {
			isa = XCConfigurationList;
			buildConfigurations = (
				FFA6EE8128E16E1B009708CA /* Debug */,
				FFA6EE8228E16E1B009708CA /* Release */,
			);
			defaultConfigurationIsVisible = 0;
			defaultConfigurationName = Release;
		};
/* End XCConfigurationList section */

/* Begin XCRemoteSwiftPackageReference section */
		FFA6EE9628E17E5D009708CA /* XCRemoteSwiftPackageReference "Alamofire" */ = {
			isa = XCRemoteSwiftPackageReference;
			repositoryURL = "https://github.com/Alamofire/Alamofire.git";
			requirement = {
				kind = upToNextMajorVersion;
				minimumVersion = 5.0.0;
			};
		};
		FFA6EE9928E17EEE009708CA /* XCRemoteSwiftPackageReference "SDWebImage" */ = {
			isa = XCRemoteSwiftPackageReference;
			repositoryURL = "https://github.com/SDWebImage/SDWebImage.git";
			requirement = {
				kind = upToNextMajorVersion;
				minimumVersion = 5.0.0;
			};
		};
		FFA6EE9C28E180A3009708CA /* XCRemoteSwiftPackageReference "realm-swift" */ = {
			isa = XCRemoteSwiftPackageReference;
			repositoryURL = "https://github.com/realm/realm-swift";
			requirement = {
				branch = master;
				kind = branch;
			};
		};
		FFB71B0B28FA5F7B0041EF7F /* XCRemoteSwiftPackageReference "SDWebImageSwiftUI" */ = {
			isa = XCRemoteSwiftPackageReference;
			repositoryURL = "https://github.com/SDWebImage/SDWebImageSwiftUI";
			requirement = {
				kind = upToNextMajorVersion;
				minimumVersion = 2.0.0;
			};
		};
/* End XCRemoteSwiftPackageReference section */

/* Begin XCSwiftPackageProductDependency section */
		FFA6EE9728E17E5D009708CA /* Alamofire */ = {
			isa = XCSwiftPackageProductDependency;
			package = FFA6EE9628E17E5D009708CA /* XCRemoteSwiftPackageReference "Alamofire" */;
			productName = Alamofire;
		};
		FFA6EE9A28E17EEE009708CA /* SDWebImage */ = {
			isa = XCSwiftPackageProductDependency;
			package = FFA6EE9928E17EEE009708CA /* XCRemoteSwiftPackageReference "SDWebImage" */;
			productName = SDWebImage;
		};
		FFA6EE9D28E180A3009708CA /* Realm */ = {
			isa = XCSwiftPackageProductDependency;
			package = FFA6EE9C28E180A3009708CA /* XCRemoteSwiftPackageReference "realm-swift" */;
			productName = Realm;
		};
		FFA6EE9F28E180A3009708CA /* RealmSwift */ = {
			isa = XCSwiftPackageProductDependency;
			package = FFA6EE9C28E180A3009708CA /* XCRemoteSwiftPackageReference "realm-swift" */;
			productName = RealmSwift;
		};
		FFB71B0C28FA5F7B0041EF7F /* SDWebImageSwiftUI */ = {
			isa = XCSwiftPackageProductDependency;
			package = FFB71B0B28FA5F7B0041EF7F /* XCRemoteSwiftPackageReference "SDWebImageSwiftUI" */;
			productName = SDWebImageSwiftUI;
		};
/* End XCSwiftPackageProductDependency section */

/* Begin XCVersionGroup section */
		FFA6EE5F28E16E1B009708CA /* movie_library_ios.xcdatamodeld */ = {
			isa = XCVersionGroup;
			children = (
				FFA6EE6028E16E1B009708CA /* movie_library_ios.xcdatamodel */,
			);
			currentVersion = FFA6EE6028E16E1B009708CA /* movie_library_ios.xcdatamodel */;
			path = movie_library_ios.xcdatamodeld;
			sourceTree = "<group>";
			versionGroupType = wrapper.xcdatamodel;
		};
/* End XCVersionGroup section */
	};
	rootObject = FFA6EE4928E16E16009708CA /* Project object */;
}
